// !$*UTF8*$!
{
	archiveVersion = 1;
	classes = {
	};
	objectVersion = 55;
	objects = {

/* Begin PBXBuildFile section */
		433BB7D128AA8AEE00472383 /* AppDelegate.swift in Sources */ = {isa = PBXBuildFile; fileRef = 433BB7D028AA8AEE00472383 /* AppDelegate.swift */; };
		433BB7D328AA8AEE00472383 /* SceneDelegate.swift in Sources */ = {isa = PBXBuildFile; fileRef = 433BB7D228AA8AEE00472383 /* SceneDelegate.swift */; };
		433BB7D828AA8AEE00472383 /* Main.storyboard in Resources */ = {isa = PBXBuildFile; fileRef = 433BB7D628AA8AEE00472383 /* Main.storyboard */; };
		433BB7DA28AA8AF000472383 /* Assets.xcassets in Resources */ = {isa = PBXBuildFile; fileRef = 433BB7D928AA8AF000472383 /* Assets.xcassets */; };
		433BB7DD28AA8AF000472383 /* LaunchScreen.storyboard in Resources */ = {isa = PBXBuildFile; fileRef = 433BB7DB28AA8AF000472383 /* LaunchScreen.storyboard */; };
		433BB7E728AA8B3A00472383 /* AppearanceController.swift in Sources */ = {isa = PBXBuildFile; fileRef = 433BB7E628AA8B3A00472383 /* AppearanceController.swift */; };
		433BB7EA28AA8E5A00472383 /* Theme.swift in Sources */ = {isa = PBXBuildFile; fileRef = 433BB7E928AA8E5A00472383 /* Theme.swift */; };
		433BB7EC28AA8E5E00472383 /* ThemeService.swift in Sources */ = {isa = PBXBuildFile; fileRef = 433BB7EB28AA8E5E00472383 /* ThemeService.swift */; };
		433BB81828AAFE6200472383 /* HomeController.swift in Sources */ = {isa = PBXBuildFile; fileRef = 433BB81728AAFE6200472383 /* HomeController.swift */; };
/* End PBXBuildFile section */

/* Begin PBXFileReference section */
		433BB7CD28AA8AEE00472383 /* test_appearance.app */ = {isa = PBXFileReference; explicitFileType = wrapper.application; includeInIndex = 0; path = test_appearance.app; sourceTree = BUILT_PRODUCTS_DIR; };
		433BB7D028AA8AEE00472383 /* AppDelegate.swift */ = {isa = PBXFileReference; lastKnownFileType = sourcecode.swift; path = AppDelegate.swift; sourceTree = "<group>"; };
		433BB7D228AA8AEE00472383 /* SceneDelegate.swift */ = {isa = PBXFileReference; lastKnownFileType = sourcecode.swift; path = SceneDelegate.swift; sourceTree = "<group>"; };
		433BB7D728AA8AEE00472383 /* Base */ = {isa = PBXFileReference; lastKnownFileType = file.storyboard; name = Base; path = Base.lproj/Main.storyboard; sourceTree = "<group>"; };
		433BB7D928AA8AF000472383 /* Assets.xcassets */ = {isa = PBXFileReference; lastKnownFileType = folder.assetcatalog; path = Assets.xcassets; sourceTree = "<group>"; };
		433BB7DC28AA8AF000472383 /* Base */ = {isa = PBXFileReference; lastKnownFileType = file.storyboard; name = Base; path = Base.lproj/LaunchScreen.storyboard; sourceTree = "<group>"; };
		433BB7DE28AA8AF000472383 /* Info.plist */ = {isa = PBXFileReference; lastKnownFileType = text.plist.xml; path = Info.plist; sourceTree = "<group>"; };
		433BB7E628AA8B3A00472383 /* AppearanceController.swift */ = {isa = PBXFileReference; lastKnownFileType = sourcecode.swift; path = AppearanceController.swift; sourceTree = "<group>"; };
		433BB7E928AA8E5A00472383 /* Theme.swift */ = {isa = PBXFileReference; fileEncoding = 4; lastKnownFileType = sourcecode.swift; path = Theme.swift; sourceTree = "<group>"; };
		433BB7EB28AA8E5E00472383 /* ThemeService.swift */ = {isa = PBXFileReference; fileEncoding = 4; lastKnownFileType = sourcecode.swift; path = ThemeService.swift; sourceTree = "<group>"; };
		433BB81728AAFE6200472383 /* HomeController.swift */ = {isa = PBXFileReference; lastKnownFileType = sourcecode.swift; path = HomeController.swift; sourceTree = "<group>"; };
/* End PBXFileReference section */

/* Begin PBXFrameworksBuildPhase section */
		433BB7CA28AA8AEE00472383 /* Frameworks */ = {
			isa = PBXFrameworksBuildPhase;
			buildActionMask = 2147483647;
			files = (
			);
			runOnlyForDeploymentPostprocessing = 0;
		};
/* End PBXFrameworksBuildPhase section */

/* Begin PBXGroup section */
		433BB7C428AA8AEE00472383 = {
			isa = PBXGroup;
			children = (
				433BB7CF28AA8AEE00472383 /* test_appearance */,
				433BB7CE28AA8AEE00472383 /* Products */,
			);
			sourceTree = "<group>";
		};
		433BB7CE28AA8AEE00472383 /* Products */ = {
			isa = PBXGroup;
			children = (
				433BB7CD28AA8AEE00472383 /* test_appearance.app */,
			);
			name = Products;
			sourceTree = "<group>";
		};
		433BB7CF28AA8AEE00472383 /* test_appearance */ = {
			isa = PBXGroup;
			children = (
				433BB7E528AA8B0400472383 /* Application */,
				433BB7E428AA8AFD00472383 /* View */,
				433BB7E828AA8D8B00472383 /* Resources */,
				433BB7DE28AA8AF000472383 /* Info.plist */,
			);
			path = test_appearance;
			sourceTree = "<group>";
		};
		433BB7E428AA8AFD00472383 /* View */ = {
			isa = PBXGroup;
			children = (
				433BB7D628AA8AEE00472383 /* Main.storyboard */,
				433BB81728AAFE6200472383 /* HomeController.swift */,
				433BB7E628AA8B3A00472383 /* AppearanceController.swift */,
			);
			path = View;
			sourceTree = "<group>";
		};
		433BB7E528AA8B0400472383 /* Application */ = {
			isa = PBXGroup;
			children = (
				433BB7D028AA8AEE00472383 /* AppDelegate.swift */,
				433BB7D228AA8AEE00472383 /* SceneDelegate.swift */,
			);
			path = Application;
			sourceTree = "<group>";
		};
		433BB7E828AA8D8B00472383 /* Resources */ = {
			isa = PBXGroup;
			children = (
				433BB7E928AA8E5A00472383 /* Theme.swift */,
				433BB7EB28AA8E5E00472383 /* ThemeService.swift */,
				433BB7D928AA8AF000472383 /* Assets.xcassets */,
				433BB7DB28AA8AF000472383 /* LaunchScreen.storyboard */,
			);
			path = Resources;
			sourceTree = "<group>";
		};
/* End PBXGroup section */

/* Begin PBXNativeTarget section */
		433BB7CC28AA8AEE00472383 /* test_appearance */ = {
			isa = PBXNativeTarget;
			buildConfigurationList = 433BB7E128AA8AF000472383 /* Build configuration list for PBXNativeTarget "test_appearance" */;
			buildPhases = (
				433BB7C928AA8AEE00472383 /* Sources */,
				433BB7CA28AA8AEE00472383 /* Frameworks */,
				433BB7CB28AA8AEE00472383 /* Resources */,
			);
			buildRules = (
			);
			dependencies = (
			);
			name = test_appearance;
			productName = test_appearance;
			productReference = 433BB7CD28AA8AEE00472383 /* test_appearance.app */;
			productType = "com.apple.product-type.application";
		};
/* End PBXNativeTarget section */

/* Begin PBXProject section */
		433BB7C528AA8AEE00472383 /* Project object */ = {
			isa = PBXProject;
			attributes = {
				BuildIndependentTargetsInParallel = 1;
				LastSwiftUpdateCheck = 1340;
				LastUpgradeCheck = 1340;
				TargetAttributes = {
					433BB7CC28AA8AEE00472383 = {
						CreatedOnToolsVersion = 13.4.1;
					};
				};
			};
			buildConfigurationList = 433BB7C828AA8AEE00472383 /* Build configuration list for PBXProject "test_appearance" */;
			compatibilityVersion = "Xcode 13.0";
			developmentRegion = en;
			hasScannedForEncodings = 0;
			knownRegions = (
				en,
				Base,
			);
			mainGroup = 433BB7C428AA8AEE00472383;
			productRefGroup = 433BB7CE28AA8AEE00472383 /* Products */;
			projectDirPath = "";
			projectRoot = "";
			targets = (
				433BB7CC28AA8AEE00472383 /* test_appearance */,
			);
		};
/* End PBXProject section */

/* Begin PBXResourcesBuildPhase section */
		433BB7CB28AA8AEE00472383 /* Resources */ = {
			isa = PBXResourcesBuildPhase;
			buildActionMask = 2147483647;
			files = (
				433BB7DD28AA8AF000472383 /* LaunchScreen.storyboard in Resources */,
				433BB7DA28AA8AF000472383 /* Assets.xcassets in Resources */,
				433BB7D828AA8AEE00472383 /* Main.storyboard in Resources */,
			);
			runOnlyForDeploymentPostprocessing = 0;
		};
/* End PBXResourcesBuildPhase section */

/* Begin PBXSourcesBuildPhase section */
		433BB7C928AA8AEE00472383 /* Sources */ = {
			isa = PBXSourcesBuildPhase;
			buildActionMask = 2147483647;
			files = (
				433BB7D128AA8AEE00472383 /* AppDelegate.swift in Sources */,
				433BB81828AAFE6200472383 /* HomeController.swift in Sources */,
				433BB7EA28AA8E5A00472383 /* Theme.swift in Sources */,
				433BB7EC28AA8E5E00472383 /* ThemeService.swift in Sources */,
				433BB7E728AA8B3A00472383 /* AppearanceController.swift in Sources */,
				433BB7D328AA8AEE00472383 /* SceneDelegate.swift in Sources */,
			);
			runOnlyForDeploymentPostprocessing = 0;
		};
/* End PBXSourcesBuildPhase section */

/* Begin PBXVariantGroup section */
		433BB7D628AA8AEE00472383 /* Main.storyboard */ = {
			isa = PBXVariantGroup;
			children = (
				433BB7D728AA8AEE00472383 /* Base */,
			);
			name = Main.storyboard;
			sourceTree = "<group>";
		};
		433BB7DB28AA8AF000472383 /* LaunchScreen.storyboard */ = {
			isa = PBXVariantGroup;
			children = (
				433BB7DC28AA8AF000472383 /* Base */,
			);
			name = LaunchScreen.storyboard;
			sourceTree = "<group>";
		};
/* End PBXVariantGroup section */

/* Begin XCBuildConfiguration section */
		433BB7DF28AA8AF000472383 /* Debug */ = {
			isa = XCBuildConfiguration;
			buildSettings = {
				ALWAYS_SEARCH_USER_PATHS = NO;
				CLANG_ANALYZER_NONNULL = YES;
				CLANG_ANALYZER_NUMBER_OBJECT_CONVERSION = YES_AGGRESSIVE;
				CLANG_CXX_LANGUAGE_STANDARD = "gnu++17";
				CLANG_ENABLE_MODULES = YES;
				CLANG_ENABLE_OBJC_ARC = YES;
				CLANG_ENABLE_OBJC_WEAK = YES;
				CLANG_WARN_BLOCK_CAPTURE_AUTORELEASING = YES;
				CLANG_WARN_BOOL_CONVERSION = YES;
				CLANG_WARN_COMMA = YES;
				CLANG_WARN_CONSTANT_CONVERSION = YES;
				CLANG_WARN_DEPRECATED_OBJC_IMPLEMENTATIONS = YES;
				CLANG_WARN_DIRECT_OBJC_ISA_USAGE = YES_ERROR;
				CLANG_WARN_DOCUMENTATION_COMMENTS = YES;
				CLANG_WARN_EMPTY_BODY = YES;
				CLANG_WARN_ENUM_CONVERSION = YES;
				CLANG_WARN_INFINITE_RECURSION = YES;
				CLANG_WARN_INT_CONVERSION = YES;
				CLANG_WARN_NON_LITERAL_NULL_CONVERSION = YES;
				CLANG_WARN_OBJC_IMPLICIT_RETAIN_SELF = YES;
				CLANG_WARN_OBJC_LITERAL_CONVERSION = YES;
				CLANG_WARN_OBJC_ROOT_CLASS = YES_ERROR;
				CLANG_WARN_QUOTED_INCLUDE_IN_FRAMEWORK_HEADER = YES;
				CLANG_WARN_RANGE_LOOP_ANALYSIS = YES;
				CLANG_WARN_STRICT_PROTOTYPES = YES;
				CLANG_WARN_SUSPICIOUS_MOVE = YES;
				CLANG_WARN_UNGUARDED_AVAILABILITY = YES_AGGRESSIVE;
				CLANG_WARN_UNREACHABLE_CODE = YES;
				CLANG_WARN__DUPLICATE_METHOD_MATCH = YES;
				COPY_PHASE_STRIP = NO;
				DEBUG_INFORMATION_FORMAT = dwarf;
				ENABLE_STRICT_OBJC_MSGSEND = YES;
				ENABLE_TESTABILITY = YES;
				GCC_C_LANGUAGE_STANDARD = gnu11;
				GCC_DYNAMIC_NO_PIC = NO;
				GCC_NO_COMMON_BLOCKS = YES;
				GCC_OPTIMIZATION_LEVEL = 0;
				GCC_PREPROCESSOR_DEFINITIONS = (
					"DEBUG=1",
					"$(inherited)",
				);
				GCC_WARN_64_TO_32_BIT_CONVERSION = YES;
				GCC_WARN_ABOUT_RETURN_TYPE = YES_ERROR;
				GCC_WARN_UNDECLARED_SELECTOR = YES;
				GCC_WARN_UNINITIALIZED_AUTOS = YES_AGGRESSIVE;
				GCC_WARN_UNUSED_FUNCTION = YES;
				GCC_WARN_UNUSED_VARIABLE = YES;
				IPHONEOS_DEPLOYMENT_TARGET = 15.5;
				MTL_ENABLE_DEBUG_INFO = INCLUDE_SOURCE;
				MTL_FAST_MATH = YES;
				ONLY_ACTIVE_ARCH = YES;
				SDKROOT = iphoneos;
				SWIFT_ACTIVE_COMPILATION_CONDITIONS = DEBUG;
				SWIFT_OPTIMIZATION_LEVEL = "-Onone";
			};
			name = Debug;
		};
		433BB7E028AA8AF000472383 /* Release */ = {
			isa = XCBuildConfiguration;
			buildSettings = {
				ALWAYS_SEARCH_USER_PATHS = NO;
				CLANG_ANALYZER_NONNULL = YES;
				CLANG_ANALYZER_NUMBER_OBJECT_CONVERSION = YES_AGGRESSIVE;
				CLANG_CXX_LANGUAGE_STANDARD = "gnu++17";
				CLANG_ENABLE_MODULES = YES;
				CLANG_ENABLE_OBJC_ARC = YES;
				CLANG_ENABLE_OBJC_WEAK = YES;
				CLANG_WARN_BLOCK_CAPTURE_AUTORELEASING = YES;
				CLANG_WARN_BOOL_CONVERSION = YES;
				CLANG_WARN_COMMA = YES;
				CLANG_WARN_CONSTANT_CONVERSION = YES;
				CLANG_WARN_DEPRECATED_OBJC_IMPLEMENTATIONS = YES;
				CLANG_WARN_DIRECT_OBJC_ISA_USAGE = YES_ERROR;
				CLANG_WARN_DOCUMENTATION_COMMENTS = YES;
				CLANG_WARN_EMPTY_BODY = YES;
				CLANG_WARN_ENUM_CONVERSION = YES;
				CLANG_WARN_INFINITE_RECURSION = YES;
				CLANG_WARN_INT_CONVERSION = YES;
				CLANG_WARN_NON_LITERAL_NULL_CONVERSION = YES;
				CLANG_WARN_OBJC_IMPLICIT_RETAIN_SELF = YES;
				CLANG_WARN_OBJC_LITERAL_CONVERSION = YES;
				CLANG_WARN_OBJC_ROOT_CLASS = YES_ERROR;
				CLANG_WARN_QUOTED_INCLUDE_IN_FRAMEWORK_HEADER = YES;
				CLANG_WARN_RANGE_LOOP_ANALYSIS = YES;
				CLANG_WARN_STRICT_PROTOTYPES = YES;
				CLANG_WARN_SUSPICIOUS_MOVE = YES;
				CLANG_WARN_UNGUARDED_AVAILABILITY = YES_AGGRESSIVE;
				CLANG_WARN_UNREACHABLE_CODE = YES;
				CLANG_WARN__DUPLICATE_METHOD_MATCH = YES;
				COPY_PHASE_STRIP = NO;
				DEBUG_INFORMATION_FORMAT = "dwarf-with-dsym";
				ENABLE_NS_ASSERTIONS = NO;
				ENABLE_STRICT_OBJC_MSGSEND = YES;
				GCC_C_LANGUAGE_STANDARD = gnu11;
				GCC_NO_COMMON_BLOCKS = YES;
				GCC_WARN_64_TO_32_BIT_CONVERSION = YES;
				GCC_WARN_ABOUT_RETURN_TYPE = YES_ERROR;
				GCC_WARN_UNDECLARED_SELECTOR = YES;
				GCC_WARN_UNINITIALIZED_AUTOS = YES_AGGRESSIVE;
				GCC_WARN_UNUSED_FUNCTION = YES;
				GCC_WARN_UNUSED_VARIABLE = YES;
				IPHONEOS_DEPLOYMENT_TARGET = 15.5;
				MTL_ENABLE_DEBUG_INFO = NO;
				MTL_FAST_MATH = YES;
				SDKROOT = iphoneos;
				SWIFT_COMPILATION_MODE = wholemodule;
				SWIFT_OPTIMIZATION_LEVEL = "-O";
				VALIDATE_PRODUCT = YES;
			};
			name = Release;
		};
		433BB7E228AA8AF000472383 /* Debug */ = {
			isa = XCBuildConfiguration;
			buildSettings = {
				ASSETCATALOG_COMPILER_APPICON_NAME = AppIcon;
				ASSETCATALOG_COMPILER_GLOBAL_ACCENT_COLOR_NAME = AccentColor;
				CODE_SIGN_STYLE = Automatic;
				CURRENT_PROJECT_VERSION = 1;
				DEVELOPMENT_TEAM = W3BJF5C568;
				GENERATE_INFOPLIST_FILE = YES;
				INFOPLIST_FILE = test_appearance/Info.plist;
				INFOPLIST_KEY_UIApplicationSupportsIndirectInputEvents = YES;
				INFOPLIST_KEY_UILaunchStoryboardName = LaunchScreen;
				INFOPLIST_KEY_UIMainStoryboardFile = Main;
				INFOPLIST_KEY_UISupportedInterfaceOrientations_iPad = "UIInterfaceOrientationPortrait UIInterfaceOrientationPortraitUpsideDown UIInterfaceOrientationLandscapeLeft UIInterfaceOrientationLandscapeRight";
				INFOPLIST_KEY_UISupportedInterfaceOrientations_iPhone = "UIInterfaceOrientationPortrait UIInterfaceOrientationLandscapeLeft UIInterfaceOrientationLandscapeRight";
				LD_RUNPATH_SEARCH_PATHS = (
					"$(inherited)",
					"@executable_path/Frameworks",
				);
				MARKETING_VERSION = 1.0;
				PRODUCT_BUNDLE_IDENTIFIER = "abuyakov.test-appearance";
				PRODUCT_NAME = "$(TARGET_NAME)";
				SWIFT_EMIT_LOC_STRINGS = YES;
				SWIFT_VERSION = 5.0;
				TARGETED_DEVICE_FAMILY = "1,2";
			};
			name = Debug;
		};
		433BB7E328AA8AF000472383 /* Release */ = {
			isa = XCBuildConfiguration;
			buildSettings = {
				ASSETCATALOG_COMPILER_APPICON_NAME = AppIcon;
				ASSETCATALOG_COMPILER_GLOBAL_ACCENT_COLOR_NAME = AccentColor;
				CODE_SIGN_STYLE = Automatic;
				CURRENT_PROJECT_VERSION = 1;
				DEVELOPMENT_TEAM = W3BJF5C568;
				GENERATE_INFOPLIST_FILE = YES;
				INFOPLIST_FILE = test_appearance/Info.plist;
				INFOPLIST_KEY_UIApplicationSupportsIndirectInputEvents = YES;
				INFOPLIST_KEY_UILaunchStoryboardName = LaunchScreen;
				INFOPLIST_KEY_UIMainStoryboardFile = Main;
				INFOPLIST_KEY_UISupportedInterfaceOrientations_iPad = "UIInterfaceOrientationPortrait UIInterfaceOrientationPortraitUpsideDown UIInterfaceOrientationLandscapeLeft UIInterfaceOrientationLandscapeRight";
				INFOPLIST_KEY_UISupportedInterfaceOrientations_iPhone = "UIInterfaceOrientationPortrait UIInterfaceOrientationLandscapeLeft UIInterfaceOrientationLandscapeRight";
				LD_RUNPATH_SEARCH_PATHS = (
					"$(inherited)",
					"@executable_path/Frameworks",
				);
				MARKETING_VERSION = 1.0;
				PRODUCT_BUNDLE_IDENTIFIER = "abuyakov.test-appearance";
				PRODUCT_NAME = "$(TARGET_NAME)";
				SWIFT_EMIT_LOC_STRINGS = YES;
				SWIFT_VERSION = 5.0;
				TARGETED_DEVICE_FAMILY = "1,2";
			};
			name = Release;
		};
/* End XCBuildConfiguration section */

/* Begin XCConfigurationList section */
		433BB7C828AA8AEE00472383 /* Build configuration list for PBXProject "test_appearance" */ = {
			isa = XCConfigurationList;
			buildConfigurations = (
				433BB7DF28AA8AF000472383 /* Debug */,
				433BB7E028AA8AF000472383 /* Release */,
			);
			defaultConfigurationIsVisible = 0;
			defaultConfigurationName = Release;
		};
		433BB7E128AA8AF000472383 /* Build configuration list for PBXNativeTarget "test_appearance" */ = {
			isa = XCConfigurationList;
			buildConfigurations = (
				433BB7E228AA8AF000472383 /* Debug */,
				433BB7E328AA8AF000472383 /* Release */,
			);
			defaultConfigurationIsVisible = 0;
			defaultConfigurationName = Release;
		};
/* End XCConfigurationList section */
	};
	rootObject = 433BB7C528AA8AEE00472383 /* Project object */;
}
